dependencies:
- name: postgresql
  repository: https://charts.bitnami.com/bitnami
  version: 12.12.10
- name: redis
  repository: https://charts.bitnami.com/bitnami
  version: 18.1.5
digest: sha256:9cb30ee6a6df6a933f57b1f95130fe1df167c082d951547f5aad29c8f1b3bb4f
generated: "2025-09-28T01:25:05.891069-06:00"
